
Microsoft Visual Studio Solution File, Format Version 12.00
# Visual Studio Version 17
VisualStudioVersion = 17.13.35723.152 d17.13
MinimumVisualStudioVersion = 10.0.40219.1
Project("{FAE04EC0-301F-11D3-BF4B-00C04F79EFBC}") = "GameZone2.PL", "GameZone2.PL\GameZone2.PL.csproj", "{09CC6CBA-0F79-4A38-AD74-E1AAB8278BBE}"
EndProject
Project("{FAE04EC0-301F-11D3-BF4B-00C04F79EFBC}") = "DAL", "GameZone.DAL\DAL.csproj", "{7CF089B4-4A5E-4024-8738-6A1E91A7DC46}"
EndProject
Project("{FAE04EC0-301F-11D3-BF4B-00C04F79EFBC}") = "Bl", "GameZone.Bl\Bl.csproj", "{37388F5B-623F-4C3C-A265-32BD6652FE1B}"
EndProject
Global
	GlobalSection(SolutionConfigurationPlatforms) = preSolution
		Debug|Any CPU = Debug|Any CPU
		Release|Any CPU = Release|Any CPU
	EndGlobalSection
	GlobalSection(ProjectConfigurationPlatforms) = postSolution
		{09CC6CBA-0F79-4A38-AD74-E1AAB8278BBE}.Debug|Any CPU.ActiveCfg = Debug|Any CPU
		{09CC6CBA-0F79-4A38-AD74-E1AAB8278BBE}.Debug|Any CPU.Build.0 = Debug|Any CPU
		{09CC6CBA-0F79-4A38-AD74-E1AAB8278BBE}.Release|Any CPU.ActiveCfg = Release|Any CPU
		{09CC6CBA-0F79-4A38-AD74-E1AAB8278BBE}.Release|Any CPU.Build.0 = Release|Any CPU
		{7CF089B4-4A5E-4024-8738-6A1E91A7DC46}.Debug|Any CPU.ActiveCfg = Debug|Any CPU
		{7CF089B4-4A5E-4024-8738-6A1E91A7DC46}.Debug|Any CPU.Build.0 = Debug|Any CPU
		{7CF089B4-4A5E-4024-8738-6A1E91A7DC46}.Release|Any CPU.ActiveCfg = Release|Any CPU
		{7CF089B4-4A5E-4024-8738-6A1E91A7DC46}.Release|Any CPU.Build.0 = Release|Any CPU
		{37388F5B-623F-4C3C-A265-32BD6652FE1B}.Debug|Any CPU.ActiveCfg = Debug|Any CPU
		{37388F5B-623F-4C3C-A265-32BD6652FE1B}.Debug|Any CPU.Build.0 = Debug|Any CPU
		{37388F5B-623F-4C3C-A265-32BD6652FE1B}.Release|Any CPU.ActiveCfg = Release|Any CPU
		{37388F5B-623F-4C3C-A265-32BD6652FE1B}.Release|Any CPU.Build.0 = Release|Any CPU
	EndGlobalSection
	GlobalSection(SolutionProperties) = preSolution
		HideSolutionNode = FALSE
	EndGlobalSection
	GlobalSection(ExtensibilityGlobals) = postSolution
		SolutionGuid = {B451D615-EF38-47B2-A8FC-5092BA7945E7}
	EndGlobalSection
EndGlobal
